
Microsoft Visual Studio Solution File, Format Version 12.00
# Visual Studio 2012
Project("{FAE04EC0-301F-11D3-BF4B-00C04F79EFBC}") = "Catalog", "Catalog\Catalog.csproj", "{1A137FA2-5E22-435E-A267-445EFEEB88D9}"
EndProject
Project("{FAE04EC0-301F-11D3-BF4B-00C04F79EFBC}") = "Catalog.DAL", "Catalog.DAL\Catalog.DAL.csproj", "{B8955898-FC43-400C-B250-D7F621AD6E50}"
EndProject
Global
	GlobalSection(SolutionConfigurationPlatforms) = preSolution
		Debug|Any CPU = Debug|Any CPU
		Release|Any CPU = Release|Any CPU
	EndGlobalSection
	GlobalSection(ProjectConfigurationPlatforms) = postSolution
		{1A137FA2-5E22-435E-A267-445EFEEB88D9}.Debug|Any CPU.ActiveCfg = Debug|Any CPU
		{1A137FA2-5E22-435E-A267-445EFEEB88D9}.Debug|Any CPU.Build.0 = Debug|Any CPU
		{1A137FA2-5E22-435E-A267-445EFEEB88D9}.Release|Any CPU.ActiveCfg = Release|Any CPU
		{1A137FA2-5E22-435E-A267-445EFEEB88D9}.Release|Any CPU.Build.0 = Release|Any CPU
		{B8955898-FC43-400C-B250-D7F621AD6E50}.Debug|Any CPU.ActiveCfg = Debug|Any CPU
		{B8955898-FC43-400C-B250-D7F621AD6E50}.Debug|Any CPU.Build.0 = Debug|Any CPU
		{B8955898-FC43-400C-B250-D7F621AD6E50}.Release|Any CPU.ActiveCfg = Release|Any CPU
		{B8955898-FC43-400C-B250-D7F621AD6E50}.Release|Any CPU.Build.0 = Release|Any CPU
	EndGlobalSection
	GlobalSection(SolutionProperties) = preSolution
		HideSolutionNode = FALSE
	EndGlobalSection
EndGlobal
